// !$*UTF8*$!
{
	archiveVersion = 1;
	classes = {
	};
	objectVersion = 46;
	objects = {

/* Begin PBXBuildFile section */
		9B2C5D781D4164F200B6F735 /* AppDelegate.swift in Sources */ = {isa = PBXBuildFile; fileRef = 9B2C5D771D4164F200B6F735 /* AppDelegate.swift */; };
		9B2C5D7A1D4164F200B6F735 /* ViewController.swift in Sources */ = {isa = PBXBuildFile; fileRef = 9B2C5D791D4164F200B6F735 /* ViewController.swift */; };
		9B2C5D7D1D4164F200B6F735 /* Main.storyboard in Resources */ = {isa = PBXBuildFile; fileRef = 9B2C5D7B1D4164F200B6F735 /* Main.storyboard */; };
		9B2C5D7F1D4164F200B6F735 /* Assets.xcassets in Resources */ = {isa = PBXBuildFile; fileRef = 9B2C5D7E1D4164F200B6F735 /* Assets.xcassets */; };
		9B2C5D821D4164F200B6F735 /* LaunchScreen.storyboard in Resources */ = {isa = PBXBuildFile; fileRef = 9B2C5D801D4164F200B6F735 /* LaunchScreen.storyboard */; };
		9B2C5D8D1D4164F200B6F735 /* TuneifyTests.swift in Sources */ = {isa = PBXBuildFile; fileRef = 9B2C5D8C1D4164F200B6F735 /* TuneifyTests.swift */; };
		9B2C5D981D4164F200B6F735 /* TuneifyUITests.swift in Sources */ = {isa = PBXBuildFile; fileRef = 9B2C5D971D4164F200B6F735 /* TuneifyUITests.swift */; };
/* End PBXBuildFile section */

/* Begin PBXContainerItemProxy section */
		9B2C5D891D4164F200B6F735 /* PBXContainerItemProxy */ = {
			isa = PBXContainerItemProxy;
			containerPortal = 9B2C5D6C1D4164F200B6F735 /* Project object */;
			proxyType = 1;
			remoteGlobalIDString = 9B2C5D731D4164F200B6F735;
			remoteInfo = Tuneify;
		};
		9B2C5D941D4164F200B6F735 /* PBXContainerItemProxy */ = {
			isa = PBXContainerItemProxy;
			containerPortal = 9B2C5D6C1D4164F200B6F735 /* Project object */;
			proxyType = 1;
			remoteGlobalIDString = 9B2C5D731D4164F200B6F735;
			remoteInfo = Tuneify;
		};
/* End PBXContainerItemProxy section */

/* Begin PBXFileReference section */
		9B2C5D741D4164F200B6F735 /* Tuneify.app */ = {isa = PBXFileReference; explicitFileType = wrapper.application; includeInIndex = 0; path = Tuneify.app; sourceTree = BUILT_PRODUCTS_DIR; };
		9B2C5D771D4164F200B6F735 /* AppDelegate.swift */ = {isa = PBXFileReference; lastKnownFileType = sourcecode.swift; path = AppDelegate.swift; sourceTree = "<group>"; };
		9B2C5D791D4164F200B6F735 /* ViewController.swift */ = {isa = PBXFileReference; lastKnownFileType = sourcecode.swift; path = ViewController.swift; sourceTree = "<group>"; };
		9B2C5D7C1D4164F200B6F735 /* Base */ = {isa = PBXFileReference; lastKnownFileType = file.storyboard; name = Base; path = Base.lproj/Main.storyboard; sourceTree = "<group>"; };
		9B2C5D7E1D4164F200B6F735 /* Assets.xcassets */ = {isa = PBXFileReference; lastKnownFileType = folder.assetcatalog; path = Assets.xcassets; sourceTree = "<group>"; };
		9B2C5D811D4164F200B6F735 /* Base */ = {isa = PBXFileReference; lastKnownFileType = file.storyboard; name = Base; path = Base.lproj/LaunchScreen.storyboard; sourceTree = "<group>"; };
		9B2C5D831D4164F200B6F735 /* Info.plist */ = {isa = PBXFileReference; lastKnownFileType = text.plist.xml; path = Info.plist; sourceTree = "<group>"; };
		9B2C5D881D4164F200B6F735 /* TuneifyTests.xctest */ = {isa = PBXFileReference; explicitFileType = wrapper.cfbundle; includeInIndex = 0; path = TuneifyTests.xctest; sourceTree = BUILT_PRODUCTS_DIR; };
		9B2C5D8C1D4164F200B6F735 /* TuneifyTests.swift */ = {isa = PBXFileReference; lastKnownFileType = sourcecode.swift; path = TuneifyTests.swift; sourceTree = "<group>"; };
		9B2C5D8E1D4164F200B6F735 /* Info.plist */ = {isa = PBXFileReference; lastKnownFileType = text.plist.xml; path = Info.plist; sourceTree = "<group>"; };
		9B2C5D931D4164F200B6F735 /* TuneifyUITests.xctest */ = {isa = PBXFileReference; explicitFileType = wrapper.cfbundle; includeInIndex = 0; path = TuneifyUITests.xctest; sourceTree = BUILT_PRODUCTS_DIR; };
		9B2C5D971D4164F200B6F735 /* TuneifyUITests.swift */ = {isa = PBXFileReference; lastKnownFileType = sourcecode.swift; path = TuneifyUITests.swift; sourceTree = "<group>"; };
		9B2C5D991D4164F200B6F735 /* Info.plist */ = {isa = PBXFileReference; lastKnownFileType = text.plist.xml; path = Info.plist; sourceTree = "<group>"; };
/* End PBXFileReference section */

/* Begin PBXFrameworksBuildPhase section */
		9B2C5D711D4164F200B6F735 /* Frameworks */ = {
			isa = PBXFrameworksBuildPhase;
			buildActionMask = 2147483647;
			files = (
			);
			runOnlyForDeploymentPostprocessing = 0;
		};
		9B2C5D851D4164F200B6F735 /* Frameworks */ = {
			isa = PBXFrameworksBuildPhase;
			buildActionMask = 2147483647;
			files = (
			);
			runOnlyForDeploymentPostprocessing = 0;
		};
		9B2C5D901D4164F200B6F735 /* Frameworks */ = {
			isa = PBXFrameworksBuildPhase;
			buildActionMask = 2147483647;
			files = (
			);
			runOnlyForDeploymentPostprocessing = 0;
		};
/* End PBXFrameworksBuildPhase section */

/* Begin PBXGroup section */
		9B2C5D6B1D4164F200B6F735 = {
			isa = PBXGroup;
			children = (
				9B2C5D761D4164F200B6F735 /* Tuneify */,
				9B2C5D8B1D4164F200B6F735 /* TuneifyTests */,
				9B2C5D961D4164F200B6F735 /* TuneifyUITests */,
				9B2C5D751D4164F200B6F735 /* Products */,
			);
			sourceTree = "<group>";
		};
		9B2C5D751D4164F200B6F735 /* Products */ = {
			isa = PBXGroup;
			children = (
				9B2C5D741D4164F200B6F735 /* Tuneify.app */,
				9B2C5D881D4164F200B6F735 /* TuneifyTests.xctest */,
				9B2C5D931D4164F200B6F735 /* TuneifyUITests.xctest */,
			);
			name = Products;
			sourceTree = "<group>";
		};
		9B2C5D761D4164F200B6F735 /* Tuneify */ = {
			isa = PBXGroup;
			children = (
				9B2C5D771D4164F200B6F735 /* AppDelegate.swift */,
				9B2C5D791D4164F200B6F735 /* ViewController.swift */,
				9B2C5D7B1D4164F200B6F735 /* Main.storyboard */,
				9B2C5D7E1D4164F200B6F735 /* Assets.xcassets */,
				9B2C5D801D4164F200B6F735 /* LaunchScreen.storyboard */,
				9B2C5D831D4164F200B6F735 /* Info.plist */,
			);
			path = Tuneify;
			sourceTree = "<group>";
		};
		9B2C5D8B1D4164F200B6F735 /* TuneifyTests */ = {
			isa = PBXGroup;
			children = (
				9B2C5D8C1D4164F200B6F735 /* TuneifyTests.swift */,
				9B2C5D8E1D4164F200B6F735 /* Info.plist */,
			);
			path = TuneifyTests;
			sourceTree = "<group>";
		};
		9B2C5D961D4164F200B6F735 /* TuneifyUITests */ = {
			isa = PBXGroup;
			children = (
				9B2C5D971D4164F200B6F735 /* TuneifyUITests.swift */,
				9B2C5D991D4164F200B6F735 /* Info.plist */,
			);
			path = TuneifyUITests;
			sourceTree = "<group>";
		};
/* End PBXGroup section */

/* Begin PBXNativeTarget section */
		9B2C5D731D4164F200B6F735 /* Tuneify */ = {
			isa = PBXNativeTarget;
			buildConfigurationList = 9B2C5D9C1D4164F200B6F735 /* Build configuration list for PBXNativeTarget "Tuneify" */;
			buildPhases = (
				9B2C5D701D4164F200B6F735 /* Sources */,
				9B2C5D711D4164F200B6F735 /* Frameworks */,
				9B2C5D721D4164F200B6F735 /* Resources */,
			);
			buildRules = (
			);
			dependencies = (
			);
			name = Tuneify;
			productName = Tuneify;
			productReference = 9B2C5D741D4164F200B6F735 /* Tuneify.app */;
			productType = "com.apple.product-type.application";
		};
		9B2C5D871D4164F200B6F735 /* TuneifyTests */ = {
			isa = PBXNativeTarget;
			buildConfigurationList = 9B2C5D9F1D4164F200B6F735 /* Build configuration list for PBXNativeTarget "TuneifyTests" */;
			buildPhases = (
				9B2C5D841D4164F200B6F735 /* Sources */,
				9B2C5D851D4164F200B6F735 /* Frameworks */,
				9B2C5D861D4164F200B6F735 /* Resources */,
			);
			buildRules = (
			);
			dependencies = (
				9B2C5D8A1D4164F200B6F735 /* PBXTargetDependency */,
			);
			name = TuneifyTests;
			productName = TuneifyTests;
			productReference = 9B2C5D881D4164F200B6F735 /* TuneifyTests.xctest */;
			productType = "com.apple.product-type.bundle.unit-test";
		};
		9B2C5D921D4164F200B6F735 /* TuneifyUITests */ = {
			isa = PBXNativeTarget;
			buildConfigurationList = 9B2C5DA21D4164F200B6F735 /* Build configuration list for PBXNativeTarget "TuneifyUITests" */;
			buildPhases = (
				9B2C5D8F1D4164F200B6F735 /* Sources */,
				9B2C5D901D4164F200B6F735 /* Frameworks */,
				9B2C5D911D4164F200B6F735 /* Resources */,
			);
			buildRules = (
			);
			dependencies = (
				9B2C5D951D4164F200B6F735 /* PBXTargetDependency */,
			);
			name = TuneifyUITests;
			productName = TuneifyUITests;
			productReference = 9B2C5D931D4164F200B6F735 /* TuneifyUITests.xctest */;
			productType = "com.apple.product-type.bundle.ui-testing";
		};
/* End PBXNativeTarget section */

/* Begin PBXProject section */
		9B2C5D6C1D4164F200B6F735 /* Project object */ = {
			isa = PBXProject;
			attributes = {
				LastSwiftUpdateCheck = 0730;
				LastUpgradeCheck = 0730;
				ORGANIZATIONNAME = "Mitchell Hamm";
				TargetAttributes = {
					9B2C5D731D4164F200B6F735 = {
						CreatedOnToolsVersion = 7.3.1;
					};
					9B2C5D871D4164F200B6F735 = {
						CreatedOnToolsVersion = 7.3.1;
						TestTargetID = 9B2C5D731D4164F200B6F735;
					};
					9B2C5D921D4164F200B6F735 = {
						CreatedOnToolsVersion = 7.3.1;
						TestTargetID = 9B2C5D731D4164F200B6F735;
					};
				};
			};
			buildConfigurationList = 9B2C5D6F1D4164F200B6F735 /* Build configuration list for PBXProject "Tuneify" */;
			compatibilityVersion = "Xcode 3.2";
			developmentRegion = English;
			hasScannedForEncodings = 0;
			knownRegions = (
				en,
				Base,
			);
			mainGroup = 9B2C5D6B1D4164F200B6F735;
			productRefGroup = 9B2C5D751D4164F200B6F735 /* Products */;
			projectDirPath = "";
			projectRoot = "";
			targets = (
				9B2C5D731D4164F200B6F735 /* Tuneify */,
				9B2C5D871D4164F200B6F735 /* TuneifyTests */,
				9B2C5D921D4164F200B6F735 /* TuneifyUITests */,
			);
		};
/* End PBXProject section */

/* Begin PBXResourcesBuildPhase section */
		9B2C5D721D4164F200B6F735 /* Resources */ = {
			isa = PBXResourcesBuildPhase;
			buildActionMask = 2147483647;
			files = (
				9B2C5D821D4164F200B6F735 /* LaunchScreen.storyboard in Resources */,
				9B2C5D7F1D4164F200B6F735 /* Assets.xcassets in Resources */,
				9B2C5D7D1D4164F200B6F735 /* Main.storyboard in Resources */,
			);
			runOnlyForDeploymentPostprocessing = 0;
		};
		9B2C5D861D4164F200B6F735 /* Resources */ = {
			isa = PBXResourcesBuildPhase;
			buildActionMask = 2147483647;
			files = (
			);
			runOnlyForDeploymentPostprocessing = 0;
		};
		9B2C5D911D4164F200B6F735 /* Resources */ = {
			isa = PBXResourcesBuildPhase;
			buildActionMask = 2147483647;
			files = (
			);
			runOnlyForDeploymentPostprocessing = 0;
		};
/* End PBXResourcesBuildPhase section */

/* Begin PBXSourcesBuildPhase section */
		9B2C5D701D4164F200B6F735 /* Sources */ = {
			isa = PBXSourcesBuildPhase;
			buildActionMask = 2147483647;
			files = (
				9B2C5D7A1D4164F200B6F735 /* ViewController.swift in Sources */,
				9B2C5D781D4164F200B6F735 /* AppDelegate.swift in Sources */,
			);
			runOnlyForDeploymentPostprocessing = 0;
		};
		9B2C5D841D4164F200B6F735 /* Sources */ = {
			isa = PBXSourcesBuildPhase;
			buildActionMask = 2147483647;
			files = (
				9B2C5D8D1D4164F200B6F735 /* TuneifyTests.swift in Sources */,
			);
			runOnlyForDeploymentPostprocessing = 0;
		};
		9B2C5D8F1D4164F200B6F735 /* Sources */ = {
			isa = PBXSourcesBuildPhase;
			buildActionMask = 2147483647;
			files = (
				9B2C5D981D4164F200B6F735 /* TuneifyUITests.swift in Sources */,
			);
			runOnlyForDeploymentPostprocessing = 0;
		};
/* End PBXSourcesBuildPhase section */

/* Begin PBXTargetDependency section */
		9B2C5D8A1D4164F200B6F735 /* PBXTargetDependency */ = {
			isa = PBXTargetDependency;
			target = 9B2C5D731D4164F200B6F735 /* Tuneify */;
			targetProxy = 9B2C5D891D4164F200B6F735 /* PBXContainerItemProxy */;
		};
		9B2C5D951D4164F200B6F735 /* PBXTargetDependency */ = {
			isa = PBXTargetDependency;
			target = 9B2C5D731D4164F200B6F735 /* Tuneify */;
			targetProxy = 9B2C5D941D4164F200B6F735 /* PBXContainerItemProxy */;
		};
/* End PBXTargetDependency section */

/* Begin PBXVariantGroup section */
		9B2C5D7B1D4164F200B6F735 /* Main.storyboard */ = {
			isa = PBXVariantGroup;
			children = (
				9B2C5D7C1D4164F200B6F735 /* Base */,
			);
			name = Main.storyboard;
			sourceTree = "<group>";
		};
		9B2C5D801D4164F200B6F735 /* LaunchScreen.storyboard */ = {
			isa = PBXVariantGroup;
			children = (
				9B2C5D811D4164F200B6F735 /* Base */,
			);
			name = LaunchScreen.storyboard;
			sourceTree = "<group>";
		};
/* End PBXVariantGroup section */

/* Begin XCBuildConfiguration section */
		9B2C5D9A1D4164F200B6F735 /* Debug */ = {
			isa = XCBuildConfiguration;
			buildSettings = {
				ALWAYS_SEARCH_USER_PATHS = NO;
				CLANG_ANALYZER_NONNULL = YES;
				CLANG_CXX_LANGUAGE_STANDARD = "gnu++0x";
				CLANG_CXX_LIBRARY = "libc++";
				CLANG_ENABLE_MODULES = YES;
				CLANG_ENABLE_OBJC_ARC = YES;
				CLANG_WARN_BOOL_CONVERSION = YES;
				CLANG_WARN_CONSTANT_CONVERSION = YES;
				CLANG_WARN_DIRECT_OBJC_ISA_USAGE = YES_ERROR;
				CLANG_WARN_EMPTY_BODY = YES;
				CLANG_WARN_ENUM_CONVERSION = YES;
				CLANG_WARN_INT_CONVERSION = YES;
				CLANG_WARN_OBJC_ROOT_CLASS = YES_ERROR;
				CLANG_WARN_UNREACHABLE_CODE = YES;
				CLANG_WARN__DUPLICATE_METHOD_MATCH = YES;
				"CODE_SIGN_IDENTITY[sdk=iphoneos*]" = "iPhone Developer";
				COPY_PHASE_STRIP = NO;
				DEBUG_INFORMATION_FORMAT = dwarf;
				ENABLE_STRICT_OBJC_MSGSEND = YES;
				ENABLE_TESTABILITY = YES;
				GCC_C_LANGUAGE_STANDARD = gnu99;
				GCC_DYNAMIC_NO_PIC = NO;
				GCC_NO_COMMON_BLOCKS = YES;
				GCC_OPTIMIZATION_LEVEL = 0;
				GCC_PREPROCESSOR_DEFINITIONS = (
					"DEBUG=1",
					"$(inherited)",
				);
				GCC_WARN_64_TO_32_BIT_CONVERSION = YES;
				GCC_WARN_ABOUT_RETURN_TYPE = YES_ERROR;
				GCC_WARN_UNDECLARED_SELECTOR = YES;
				GCC_WARN_UNINITIALIZED_AUTOS = YES_AGGRESSIVE;
				GCC_WARN_UNUSED_FUNCTION = YES;
				GCC_WARN_UNUSED_VARIABLE = YES;
				IPHONEOS_DEPLOYMENT_TARGET = 9.3;
				MTL_ENABLE_DEBUG_INFO = YES;
				ONLY_ACTIVE_ARCH = YES;
				SDKROOT = iphoneos;
				SWIFT_OPTIMIZATION_LEVEL = "-Onone";
				TARGETED_DEVICE_FAMILY = "1,2";
			};
			name = Debug;
		};
		9B2C5D9B1D4164F200B6F735 /* Release */ = {
			isa = XCBuildConfiguration;
			buildSettings = {
				ALWAYS_SEARCH_USER_PATHS = NO;
				CLANG_ANALYZER_NONNULL = YES;
				CLANG_CXX_LANGUAGE_STANDARD = "gnu++0x";
				CLANG_CXX_LIBRARY = "libc++";
				CLANG_ENABLE_MODULES = YES;
				CLANG_ENABLE_OBJC_ARC = YES;
				CLANG_WARN_BOOL_CONVERSION = YES;
				CLANG_WARN_CONSTANT_CONVERSION = YES;
				CLANG_WARN_DIRECT_OBJC_ISA_USAGE = YES_ERROR;
				CLANG_WARN_EMPTY_BODY = YES;
				CLANG_WARN_ENUM_CONVERSION = YES;
				CLANG_WARN_INT_CONVERSION = YES;
				CLANG_WARN_OBJC_ROOT_CLASS = YES_ERROR;
				CLANG_WARN_UNREACHABLE_CODE = YES;
				CLANG_WARN__DUPLICATE_METHOD_MATCH = YES;
				"CODE_SIGN_IDENTITY[sdk=iphoneos*]" = "iPhone Developer";
				COPY_PHASE_STRIP = NO;
				DEBUG_INFORMATION_FORMAT = "dwarf-with-dsym";
				ENABLE_NS_ASSERTIONS = NO;
				ENABLE_STRICT_OBJC_MSGSEND = YES;
				GCC_C_LANGUAGE_STANDARD = gnu99;
				GCC_NO_COMMON_BLOCKS = YES;
				GCC_WARN_64_TO_32_BIT_CONVERSION = YES;
				GCC_WARN_ABOUT_RETURN_TYPE = YES_ERROR;
				GCC_WARN_UNDECLARED_SELECTOR = YES;
				GCC_WARN_UNINITIALIZED_AUTOS = YES_AGGRESSIVE;
				GCC_WARN_UNUSED_FUNCTION = YES;
				GCC_WARN_UNUSED_VARIABLE = YES;
				IPHONEOS_DEPLOYMENT_TARGET = 9.3;
				MTL_ENABLE_DEBUG_INFO = NO;
				SDKROOT = iphoneos;
				TARGETED_DEVICE_FAMILY = "1,2";
				VALIDATE_PRODUCT = YES;
			};
			name = Release;
		};
		9B2C5D9D1D4164F200B6F735 /* Debug */ = {
			isa = XCBuildConfiguration;
			buildSettings = {
				ASSETCATALOG_COMPILER_APPICON_NAME = AppIcon;
				INFOPLIST_FILE = Tuneify/Info.plist;
				LD_RUNPATH_SEARCH_PATHS = "$(inherited) @executable_path/Frameworks";
				PRODUCT_BUNDLE_IDENTIFIER = Tipping.Canoe.Tuneify;
				PRODUCT_NAME = "$(TARGET_NAME)";
			};
			name = Debug;
		};
		9B2C5D9E1D4164F200B6F735 /* Release */ = {
			isa = XCBuildConfiguration;
			buildSettings = {
				ASSETCATALOG_COMPILER_APPICON_NAME = AppIcon;
				INFOPLIST_FILE = Tuneify/Info.plist;
				LD_RUNPATH_SEARCH_PATHS = "$(inherited) @executable_path/Frameworks";
				PRODUCT_BUNDLE_IDENTIFIER = Tipping.Canoe.Tuneify;
				PRODUCT_NAME = "$(TARGET_NAME)";
			};
			name = Release;
		};
		9B2C5DA01D4164F200B6F735 /* Debug */ = {
			isa = XCBuildConfiguration;
			buildSettings = {
				BUNDLE_LOADER = "$(TEST_HOST)";
				INFOPLIST_FILE = TuneifyTests/Info.plist;
				LD_RUNPATH_SEARCH_PATHS = "$(inherited) @executable_path/Frameworks @loader_path/Frameworks";
				PRODUCT_BUNDLE_IDENTIFIER = Tipping.Canoe.TuneifyTests;
				PRODUCT_NAME = "$(TARGET_NAME)";
				TEST_HOST = "$(BUILT_PRODUCTS_DIR)/Tuneify.app/Tuneify";
			};
			name = Debug;
		};
		9B2C5DA11D4164F200B6F735 /* Release */ = {
			isa = XCBuildConfiguration;
			buildSettings = {
				BUNDLE_LOADER = "$(TEST_HOST)";
				INFOPLIST_FILE = TuneifyTests/Info.plist;
				LD_RUNPATH_SEARCH_PATHS = "$(inherited) @executable_path/Frameworks @loader_path/Frameworks";
				PRODUCT_BUNDLE_IDENTIFIER = Tipping.Canoe.TuneifyTests;
				PRODUCT_NAME = "$(TARGET_NAME)";
				TEST_HOST = "$(BUILT_PRODUCTS_DIR)/Tuneify.app/Tuneify";
			};
			name = Release;
		};
		9B2C5DA31D4164F200B6F735 /* Debug */ = {
			isa = XCBuildConfiguration;
			buildSettings = {
				INFOPLIST_FILE = TuneifyUITests/Info.plist;
				LD_RUNPATH_SEARCH_PATHS = "$(inherited) @executable_path/Frameworks @loader_path/Frameworks";
				PRODUCT_BUNDLE_IDENTIFIER = Tipping.Canoe.TuneifyUITests;
				PRODUCT_NAME = "$(TARGET_NAME)";
				TEST_TARGET_NAME = Tuneify;
			};
			name = Debug;
		};
		9B2C5DA41D4164F200B6F735 /* Release */ = {
			isa = XCBuildConfiguration;
			buildSettings = {
				INFOPLIST_FILE = TuneifyUITests/Info.plist;
				LD_RUNPATH_SEARCH_PATHS = "$(inherited) @executable_path/Frameworks @loader_path/Frameworks";
				PRODUCT_BUNDLE_IDENTIFIER = Tipping.Canoe.TuneifyUITests;
				PRODUCT_NAME = "$(TARGET_NAME)";
				TEST_TARGET_NAME = Tuneify;
			};
			name = Release;
		};
/* End XCBuildConfiguration section */

/* Begin XCConfigurationList section */
		9B2C5D6F1D4164F200B6F735 /* Build configuration list for PBXProject "Tuneify" */ = {
			isa = XCConfigurationList;
			buildConfigurations = (
				9B2C5D9A1D4164F200B6F735 /* Debug */,
				9B2C5D9B1D4164F200B6F735 /* Release */,
			);
			defaultConfigurationIsVisible = 0;
			defaultConfigurationName = Release;
		};
		9B2C5D9C1D4164F200B6F735 /* Build configuration list for PBXNativeTarget "Tuneify" */ = {
			isa = XCConfigurationList;
			buildConfigurations = (
				9B2C5D9D1D4164F200B6F735 /* Debug */,
				9B2C5D9E1D4164F200B6F735 /* Release */,
			);
			defaultConfigurationIsVisible = 0;
		};
		9B2C5D9F1D4164F200B6F735 /* Build configuration list for PBXNativeTarget "TuneifyTests" */ = {
			isa = XCConfigurationList;
			buildConfigurations = (
				9B2C5DA01D4164F200B6F735 /* Debug */,
				9B2C5DA11D4164F200B6F735 /* Release */,
			);
			defaultConfigurationIsVisible = 0;
		};
		9B2C5DA21D4164F200B6F735 /* Build configuration list for PBXNativeTarget "TuneifyUITests" */ = {
			isa = XCConfigurationList;
			buildConfigurations = (
				9B2C5DA31D4164F200B6F735 /* Debug */,
				9B2C5DA41D4164F200B6F735 /* Release */,
			);
			defaultConfigurationIsVisible = 0;
		};
/* End XCConfigurationList section */
	};
	rootObject = 9B2C5D6C1D4164F200B6F735 /* Project object */;
}
