// !$*UTF8*$!
{
	archiveVersion = 1;
	classes = {
	};
	objectVersion = 46;
	objects = {

/* Begin PBXBuildFile section */
		145C489A8D32890BCBDD4FDB /* Pods_Tuneify.framework in Frameworks */ = {isa = PBXBuildFile; fileRef = 48D40C26C6C9A2C79F34F0C5 /* Pods_Tuneify.framework */; };
		207D467D1D42BA9500015D6A /* Test.aifc in Resources */ = {isa = PBXBuildFile; fileRef = 207D467C1D42BA9500015D6A /* Test.aifc */; };
		20D1F0CD1D428D8900DDDFC9 /* KeyRetriever.swift in Sources */ = {isa = PBXBuildFile; fileRef = 20D1F0CC1D428D8900DDDFC9 /* KeyRetriever.swift */; };
		392F57DCF04F000805840A00 /* Pods_TuneifyTests.framework in Frameworks */ = {isa = PBXBuildFile; fileRef = 1510EFF7AEACC277E3279859 /* Pods_TuneifyTests.framework */; };
		9B2C5D781D4164F200B6F735 /* AppDelegate.swift in Sources */ = {isa = PBXBuildFile; fileRef = 9B2C5D771D4164F200B6F735 /* AppDelegate.swift */; };
		9B2C5D7A1D4164F200B6F735 /* ViewController.swift in Sources */ = {isa = PBXBuildFile; fileRef = 9B2C5D791D4164F200B6F735 /* ViewController.swift */; };
		9B2C5D7D1D4164F200B6F735 /* Main.storyboard in Resources */ = {isa = PBXBuildFile; fileRef = 9B2C5D7B1D4164F200B6F735 /* Main.storyboard */; };
		9B2C5D7F1D4164F200B6F735 /* Assets.xcassets in Resources */ = {isa = PBXBuildFile; fileRef = 9B2C5D7E1D4164F200B6F735 /* Assets.xcassets */; };
		9B2C5D821D4164F200B6F735 /* LaunchScreen.storyboard in Resources */ = {isa = PBXBuildFile; fileRef = 9B2C5D801D4164F200B6F735 /* LaunchScreen.storyboard */; };
		9B2C5D8D1D4164F200B6F735 /* TuneifyTests.swift in Sources */ = {isa = PBXBuildFile; fileRef = 9B2C5D8C1D4164F200B6F735 /* TuneifyTests.swift */; };
		9B2C5D981D4164F200B6F735 /* TuneifyUITests.swift in Sources */ = {isa = PBXBuildFile; fileRef = 9B2C5D971D4164F200B6F735 /* TuneifyUITests.swift */; };
		9B2C5DA81D4257CA00B6F735 /* Beethoven.framework in Frameworks */ = {isa = PBXBuildFile; fileRef = 9B2C5DA71D4257CA00B6F735 /* Beethoven.framework */; };
		9BA4DAF31D425FC7006E1236 /* AudioSegment.swift in Sources */ = {isa = PBXBuildFile; fileRef = 9BA4DAF21D425FC7006E1236 /* AudioSegment.swift */; };
		9BA4DAF61D4291FC006E1236 /* KeyCorrector.swift in Sources */ = {isa = PBXBuildFile; fileRef = 9BA4DAF41D427FE7006E1236 /* KeyCorrector.swift */; };
		C267059B5B5AF3271B3D790A /* Pods_TuneifyUITests.framework in Frameworks */ = {isa = PBXBuildFile; fileRef = 3396485C4249BDAF7EA0CF4B /* Pods_TuneifyUITests.framework */; };
/* End PBXBuildFile section */

/* Begin PBXContainerItemProxy section */
		9B2C5D891D4164F200B6F735 /* PBXContainerItemProxy */ = {
			isa = PBXContainerItemProxy;
			containerPortal = 9B2C5D6C1D4164F200B6F735 /* Project object */;
			proxyType = 1;
			remoteGlobalIDString = 9B2C5D731D4164F200B6F735;
			remoteInfo = Tuneify;
		};
		9B2C5D941D4164F200B6F735 /* PBXContainerItemProxy */ = {
			isa = PBXContainerItemProxy;
			containerPortal = 9B2C5D6C1D4164F200B6F735 /* Project object */;
			proxyType = 1;
			remoteGlobalIDString = 9B2C5D731D4164F200B6F735;
			remoteInfo = Tuneify;
		};
/* End PBXContainerItemProxy section */

/* Begin PBXFileReference section */
		05F69D519F3C1C8CA03CF263 /* Pods-Tuneify.debug.xcconfig */ = {isa = PBXFileReference; includeInIndex = 1; lastKnownFileType = text.xcconfig; name = "Pods-Tuneify.debug.xcconfig"; path = "Pods/Target Support Files/Pods-Tuneify/Pods-Tuneify.debug.xcconfig"; sourceTree = "<group>"; };
		1510EFF7AEACC277E3279859 /* Pods_TuneifyTests.framework */ = {isa = PBXFileReference; explicitFileType = wrapper.framework; includeInIndex = 0; path = Pods_TuneifyTests.framework; sourceTree = BUILT_PRODUCTS_DIR; };
		207D467C1D42BA9500015D6A /* Test.aifc */ = {isa = PBXFileReference; lastKnownFileType = file; path = Test.aifc; sourceTree = "<group>"; };
		20D1F0CC1D428D8900DDDFC9 /* KeyRetriever.swift */ = {isa = PBXFileReference; fileEncoding = 4; lastKnownFileType = sourcecode.swift; path = KeyRetriever.swift; sourceTree = "<group>"; };
		3396485C4249BDAF7EA0CF4B /* Pods_TuneifyUITests.framework */ = {isa = PBXFileReference; explicitFileType = wrapper.framework; includeInIndex = 0; path = Pods_TuneifyUITests.framework; sourceTree = BUILT_PRODUCTS_DIR; };
		38E4FE7E9A001F93C327E2ED /* Pods-TuneifyTests.debug.xcconfig */ = {isa = PBXFileReference; includeInIndex = 1; lastKnownFileType = text.xcconfig; name = "Pods-TuneifyTests.debug.xcconfig"; path = "Pods/Target Support Files/Pods-TuneifyTests/Pods-TuneifyTests.debug.xcconfig"; sourceTree = "<group>"; };
		48D40C26C6C9A2C79F34F0C5 /* Pods_Tuneify.framework */ = {isa = PBXFileReference; explicitFileType = wrapper.framework; includeInIndex = 0; path = Pods_Tuneify.framework; sourceTree = BUILT_PRODUCTS_DIR; };
		681CBF54F5C0F196D1F027ED /* Pods-Tuneify.release.xcconfig */ = {isa = PBXFileReference; includeInIndex = 1; lastKnownFileType = text.xcconfig; name = "Pods-Tuneify.release.xcconfig"; path = "Pods/Target Support Files/Pods-Tuneify/Pods-Tuneify.release.xcconfig"; sourceTree = "<group>"; };
		6DDBD677E6336C670290E381 /* Pods-TuneifyUITests.release.xcconfig */ = {isa = PBXFileReference; includeInIndex = 1; lastKnownFileType = text.xcconfig; name = "Pods-TuneifyUITests.release.xcconfig"; path = "Pods/Target Support Files/Pods-TuneifyUITests/Pods-TuneifyUITests.release.xcconfig"; sourceTree = "<group>"; };
		9B2C5D741D4164F200B6F735 /* Tuneify.app */ = {isa = PBXFileReference; explicitFileType = wrapper.application; includeInIndex = 0; path = Tuneify.app; sourceTree = BUILT_PRODUCTS_DIR; };
		9B2C5D771D4164F200B6F735 /* AppDelegate.swift */ = {isa = PBXFileReference; lastKnownFileType = sourcecode.swift; path = AppDelegate.swift; sourceTree = "<group>"; };
		9B2C5D791D4164F200B6F735 /* ViewController.swift */ = {isa = PBXFileReference; lastKnownFileType = sourcecode.swift; path = ViewController.swift; sourceTree = "<group>"; };
		9B2C5D7C1D4164F200B6F735 /* Base */ = {isa = PBXFileReference; lastKnownFileType = file.storyboard; name = Base; path = Base.lproj/Main.storyboard; sourceTree = "<group>"; };
		9B2C5D7E1D4164F200B6F735 /* Assets.xcassets */ = {isa = PBXFileReference; lastKnownFileType = folder.assetcatalog; path = Assets.xcassets; sourceTree = "<group>"; };
		9B2C5D811D4164F200B6F735 /* Base */ = {isa = PBXFileReference; lastKnownFileType = file.storyboard; name = Base; path = Base.lproj/LaunchScreen.storyboard; sourceTree = "<group>"; };
		9B2C5D831D4164F200B6F735 /* Info.plist */ = {isa = PBXFileReference; lastKnownFileType = text.plist.xml; path = Info.plist; sourceTree = "<group>"; };
		9B2C5D881D4164F200B6F735 /* TuneifyTests.xctest */ = {isa = PBXFileReference; explicitFileType = wrapper.cfbundle; includeInIndex = 0; path = TuneifyTests.xctest; sourceTree = BUILT_PRODUCTS_DIR; };
		9B2C5D8C1D4164F200B6F735 /* TuneifyTests.swift */ = {isa = PBXFileReference; lastKnownFileType = sourcecode.swift; path = TuneifyTests.swift; sourceTree = "<group>"; };
		9B2C5D8E1D4164F200B6F735 /* Info.plist */ = {isa = PBXFileReference; lastKnownFileType = text.plist.xml; path = Info.plist; sourceTree = "<group>"; };
		9B2C5D931D4164F200B6F735 /* TuneifyUITests.xctest */ = {isa = PBXFileReference; explicitFileType = wrapper.cfbundle; includeInIndex = 0; path = TuneifyUITests.xctest; sourceTree = BUILT_PRODUCTS_DIR; };
		9B2C5D971D4164F200B6F735 /* TuneifyUITests.swift */ = {isa = PBXFileReference; lastKnownFileType = sourcecode.swift; path = TuneifyUITests.swift; sourceTree = "<group>"; };
		9B2C5D991D4164F200B6F735 /* Info.plist */ = {isa = PBXFileReference; lastKnownFileType = text.plist.xml; path = Info.plist; sourceTree = "<group>"; };
		9B2C5DA71D4257CA00B6F735 /* Beethoven.framework */ = {isa = PBXFileReference; lastKnownFileType = wrapper.framework; name = Beethoven.framework; path = "../../Library/Developer/Xcode/DerivedData/Tuneify-aufrybjldshqnjbzdhycaemqzpbt/Build/Products/Debug-iphonesimulator/Beethoven/Beethoven.framework"; sourceTree = "<group>"; };
		9BA4DAF21D425FC7006E1236 /* AudioSegment.swift */ = {isa = PBXFileReference; fileEncoding = 4; lastKnownFileType = sourcecode.swift; path = AudioSegment.swift; sourceTree = "<group>"; };
		9BA4DAF41D427FE7006E1236 /* KeyCorrector.swift */ = {isa = PBXFileReference; fileEncoding = 4; lastKnownFileType = sourcecode.swift; path = KeyCorrector.swift; sourceTree = "<group>"; };
		BBE7DF482399145B114F3602 /* Pods-TuneifyUITests.debug.xcconfig */ = {isa = PBXFileReference; includeInIndex = 1; lastKnownFileType = text.xcconfig; name = "Pods-TuneifyUITests.debug.xcconfig"; path = "Pods/Target Support Files/Pods-TuneifyUITests/Pods-TuneifyUITests.debug.xcconfig"; sourceTree = "<group>"; };
		C0E840B4A399565E47905EA0 /* Pods-TuneifyTests.release.xcconfig */ = {isa = PBXFileReference; includeInIndex = 1; lastKnownFileType = text.xcconfig; name = "Pods-TuneifyTests.release.xcconfig"; path = "Pods/Target Support Files/Pods-TuneifyTests/Pods-TuneifyTests.release.xcconfig"; sourceTree = "<group>"; };
/* End PBXFileReference section */

/* Begin PBXFrameworksBuildPhase section */
		9B2C5D711D4164F200B6F735 /* Frameworks */ = {
			isa = PBXFrameworksBuildPhase;
			buildActionMask = 2147483647;
			files = (
				145C489A8D32890BCBDD4FDB /* Pods_Tuneify.framework in Frameworks */,
				9B2C5DA81D4257CA00B6F735 /* Beethoven.framework in Frameworks */,
			);
			runOnlyForDeploymentPostprocessing = 0;
		};
		9B2C5D851D4164F200B6F735 /* Frameworks */ = {
			isa = PBXFrameworksBuildPhase;
			buildActionMask = 2147483647;
			files = (
				392F57DCF04F000805840A00 /* Pods_TuneifyTests.framework in Frameworks */,
			);
			runOnlyForDeploymentPostprocessing = 0;
		};
		9B2C5D901D4164F200B6F735 /* Frameworks */ = {
			isa = PBXFrameworksBuildPhase;
			buildActionMask = 2147483647;
			files = (
				C267059B5B5AF3271B3D790A /* Pods_TuneifyUITests.framework in Frameworks */,
			);
			runOnlyForDeploymentPostprocessing = 0;
		};
/* End PBXFrameworksBuildPhase section */

/* Begin PBXGroup section */
		18D902F84F05D9AB98D28729 /* Pods */ = {
			isa = PBXGroup;
			children = (
				05F69D519F3C1C8CA03CF263 /* Pods-Tuneify.debug.xcconfig */,
				681CBF54F5C0F196D1F027ED /* Pods-Tuneify.release.xcconfig */,
				38E4FE7E9A001F93C327E2ED /* Pods-TuneifyTests.debug.xcconfig */,
				C0E840B4A399565E47905EA0 /* Pods-TuneifyTests.release.xcconfig */,
				BBE7DF482399145B114F3602 /* Pods-TuneifyUITests.debug.xcconfig */,
				6DDBD677E6336C670290E381 /* Pods-TuneifyUITests.release.xcconfig */,
			);
			name = Pods;
			sourceTree = "<group>";
		};
		9B2C5D6B1D4164F200B6F735 = {
			isa = PBXGroup;
			children = (
				207D467C1D42BA9500015D6A /* Test.aifc */,
				9B2C5D761D4164F200B6F735 /* Tuneify */,
				9B2C5D8B1D4164F200B6F735 /* TuneifyTests */,
				9B2C5D961D4164F200B6F735 /* TuneifyUITests */,
				9B2C5D751D4164F200B6F735 /* Products */,
				18D902F84F05D9AB98D28729 /* Pods */,
				A0D11285DBFBDDB1338B32C3 /* Frameworks */,
			);
			sourceTree = "<group>";
		};
		9B2C5D751D4164F200B6F735 /* Products */ = {
			isa = PBXGroup;
			children = (
				9B2C5D741D4164F200B6F735 /* Tuneify.app */,
				9B2C5D881D4164F200B6F735 /* TuneifyTests.xctest */,
				9B2C5D931D4164F200B6F735 /* TuneifyUITests.xctest */,
			);
			name = Products;
			sourceTree = "<group>";
		};
		9B2C5D761D4164F200B6F735 /* Tuneify */ = {
			isa = PBXGroup;
			children = (
				20D1F0CC1D428D8900DDDFC9 /* KeyRetriever.swift */,
				9B2C5D771D4164F200B6F735 /* AppDelegate.swift */,
				9B2C5D791D4164F200B6F735 /* ViewController.swift */,
				9B2C5D7B1D4164F200B6F735 /* Main.storyboard */,
				9B2C5D7E1D4164F200B6F735 /* Assets.xcassets */,
				9B2C5D801D4164F200B6F735 /* LaunchScreen.storyboard */,
				9B2C5D831D4164F200B6F735 /* Info.plist */,
				9BA4DAF21D425FC7006E1236 /* AudioSegment.swift */,
				9BA4DAF41D427FE7006E1236 /* KeyCorrector.swift */,
			);
			path = Tuneify;
			sourceTree = "<group>";
		};
		9B2C5D8B1D4164F200B6F735 /* TuneifyTests */ = {
			isa = PBXGroup;
			children = (
				9B2C5D8C1D4164F200B6F735 /* TuneifyTests.swift */,
				9B2C5D8E1D4164F200B6F735 /* Info.plist */,
			);
			path = TuneifyTests;
			sourceTree = "<group>";
		};
		9B2C5D961D4164F200B6F735 /* TuneifyUITests */ = {
			isa = PBXGroup;
			children = (
				9B2C5D971D4164F200B6F735 /* TuneifyUITests.swift */,
				9B2C5D991D4164F200B6F735 /* Info.plist */,
			);
			path = TuneifyUITests;
			sourceTree = "<group>";
		};
		A0D11285DBFBDDB1338B32C3 /* Frameworks */ = {
			isa = PBXGroup;
			children = (
				9B2C5DA71D4257CA00B6F735 /* Beethoven.framework */,
				48D40C26C6C9A2C79F34F0C5 /* Pods_Tuneify.framework */,
				1510EFF7AEACC277E3279859 /* Pods_TuneifyTests.framework */,
				3396485C4249BDAF7EA0CF4B /* Pods_TuneifyUITests.framework */,
			);
			name = Frameworks;
			sourceTree = "<group>";
		};
/* End PBXGroup section */

/* Begin PBXNativeTarget section */
		9B2C5D731D4164F200B6F735 /* Tuneify */ = {
			isa = PBXNativeTarget;
			buildConfigurationList = 9B2C5D9C1D4164F200B6F735 /* Build configuration list for PBXNativeTarget "Tuneify" */;
			buildPhases = (
				F52C6E83B20B715C221A395C /* [CP] Check Pods Manifest.lock */,
				9B2C5D701D4164F200B6F735 /* Sources */,
				9B2C5D711D4164F200B6F735 /* Frameworks */,
				9B2C5D721D4164F200B6F735 /* Resources */,
				847A4C5014516CF47F1F34B8 /* [CP] Embed Pods Frameworks */,
				44C38C115D6ED6720176AC98 /* [CP] Copy Pods Resources */,
			);
			buildRules = (
			);
			dependencies = (
			);
			name = Tuneify;
			productName = Tuneify;
			productReference = 9B2C5D741D4164F200B6F735 /* Tuneify.app */;
			productType = "com.apple.product-type.application";
		};
		9B2C5D871D4164F200B6F735 /* TuneifyTests */ = {
			isa = PBXNativeTarget;
			buildConfigurationList = 9B2C5D9F1D4164F200B6F735 /* Build configuration list for PBXNativeTarget "TuneifyTests" */;
			buildPhases = (
				0BF86F32E572832823C50A36 /* [CP] Check Pods Manifest.lock */,
				9B2C5D841D4164F200B6F735 /* Sources */,
				9B2C5D851D4164F200B6F735 /* Frameworks */,
				9B2C5D861D4164F200B6F735 /* Resources */,
				80346C2393557E61FF41D957 /* [CP] Embed Pods Frameworks */,
				9BF484013B7615DDCEC852F7 /* [CP] Copy Pods Resources */,
			);
			buildRules = (
			);
			dependencies = (
				9B2C5D8A1D4164F200B6F735 /* PBXTargetDependency */,
			);
			name = TuneifyTests;
			productName = TuneifyTests;
			productReference = 9B2C5D881D4164F200B6F735 /* TuneifyTests.xctest */;
			productType = "com.apple.product-type.bundle.unit-test";
		};
		9B2C5D921D4164F200B6F735 /* TuneifyUITests */ = {
			isa = PBXNativeTarget;
			buildConfigurationList = 9B2C5DA21D4164F200B6F735 /* Build configuration list for PBXNativeTarget "TuneifyUITests" */;
			buildPhases = (
				F7EC3C47A5D38A22F2E9F08F /* [CP] Check Pods Manifest.lock */,
				9B2C5D8F1D4164F200B6F735 /* Sources */,
				9B2C5D901D4164F200B6F735 /* Frameworks */,
				9B2C5D911D4164F200B6F735 /* Resources */,
				38260F693D3F584A47D83AEC /* [CP] Copy Pods Resources */,
			);
			buildRules = (
			);
			dependencies = (
				9B2C5D951D4164F200B6F735 /* PBXTargetDependency */,
			);
			name = TuneifyUITests;
			productName = TuneifyUITests;
			productReference = 9B2C5D931D4164F200B6F735 /* TuneifyUITests.xctest */;
			productType = "com.apple.product-type.bundle.ui-testing";
		};
/* End PBXNativeTarget section */

/* Begin PBXProject section */
		9B2C5D6C1D4164F200B6F735 /* Project object */ = {
			isa = PBXProject;
			attributes = {
				LastSwiftUpdateCheck = 0730;
				LastUpgradeCheck = 0730;
				ORGANIZATIONNAME = "Mitchell Hamm";
				TargetAttributes = {
					9B2C5D731D4164F200B6F735 = {
						CreatedOnToolsVersion = 7.3.1;
						DevelopmentTeam = 9D872C6MDD;
					};
					9B2C5D871D4164F200B6F735 = {
						CreatedOnToolsVersion = 7.3.1;
						TestTargetID = 9B2C5D731D4164F200B6F735;
					};
					9B2C5D921D4164F200B6F735 = {
						CreatedOnToolsVersion = 7.3.1;
						TestTargetID = 9B2C5D731D4164F200B6F735;
					};
				};
			};
			buildConfigurationList = 9B2C5D6F1D4164F200B6F735 /* Build configuration list for PBXProject "Tuneify" */;
			compatibilityVersion = "Xcode 3.2";
			developmentRegion = English;
			hasScannedForEncodings = 0;
			knownRegions = (
				en,
				Base,
			);
			mainGroup = 9B2C5D6B1D4164F200B6F735;
			productRefGroup = 9B2C5D751D4164F200B6F735 /* Products */;
			projectDirPath = "";
			projectRoot = "";
			targets = (
				9B2C5D731D4164F200B6F735 /* Tuneify */,
				9B2C5D871D4164F200B6F735 /* TuneifyTests */,
				9B2C5D921D4164F200B6F735 /* TuneifyUITests */,
			);
		};
/* End PBXProject section */

/* Begin PBXResourcesBuildPhase section */
		9B2C5D721D4164F200B6F735 /* Resources */ = {
			isa = PBXResourcesBuildPhase;
			buildActionMask = 2147483647;
			files = (
				207D467D1D42BA9500015D6A /* Test.aifc in Resources */,
				9B2C5D821D4164F200B6F735 /* LaunchScreen.storyboard in Resources */,
				9B2C5D7F1D4164F200B6F735 /* Assets.xcassets in Resources */,
				9B2C5D7D1D4164F200B6F735 /* Main.storyboard in Resources */,
			);
			runOnlyForDeploymentPostprocessing = 0;
		};
		9B2C5D861D4164F200B6F735 /* Resources */ = {
			isa = PBXResourcesBuildPhase;
			buildActionMask = 2147483647;
			files = (
			);
			runOnlyForDeploymentPostprocessing = 0;
		};
		9B2C5D911D4164F200B6F735 /* Resources */ = {
			isa = PBXResourcesBuildPhase;
			buildActionMask = 2147483647;
			files = (
			);
			runOnlyForDeploymentPostprocessing = 0;
		};
/* End PBXResourcesBuildPhase section */

/* Begin PBXShellScriptBuildPhase section */
		0BF86F32E572832823C50A36 /* [CP] Check Pods Manifest.lock */ = {
			isa = PBXShellScriptBuildPhase;
			buildActionMask = 2147483647;
			files = (
			);
			inputPaths = (
			);
			name = "[CP] Check Pods Manifest.lock";
			outputPaths = (
			);
			runOnlyForDeploymentPostprocessing = 0;
			shellPath = /bin/sh;
			shellScript = "diff \"${PODS_ROOT}/../Podfile.lock\" \"${PODS_ROOT}/Manifest.lock\" > /dev/null\nif [[ $? != 0 ]] ; then\n    cat << EOM\nerror: The sandbox is not in sync with the Podfile.lock. Run 'pod install' or update your CocoaPods installation.\nEOM\n    exit 1\nfi\n";
			showEnvVarsInLog = 0;
		};
		38260F693D3F584A47D83AEC /* [CP] Copy Pods Resources */ = {
			isa = PBXShellScriptBuildPhase;
			buildActionMask = 2147483647;
			files = (
			);
			inputPaths = (
			);
			name = "[CP] Copy Pods Resources";
			outputPaths = (
			);
			runOnlyForDeploymentPostprocessing = 0;
			shellPath = /bin/sh;
			shellScript = "\"${SRCROOT}/Pods/Target Support Files/Pods-TuneifyUITests/Pods-TuneifyUITests-resources.sh\"\n";
			showEnvVarsInLog = 0;
		};
		44C38C115D6ED6720176AC98 /* [CP] Copy Pods Resources */ = {
			isa = PBXShellScriptBuildPhase;
			buildActionMask = 2147483647;
			files = (
			);
			inputPaths = (
			);
			name = "[CP] Copy Pods Resources";
			outputPaths = (
			);
			runOnlyForDeploymentPostprocessing = 0;
			shellPath = /bin/sh;
			shellScript = "\"${SRCROOT}/Pods/Target Support Files/Pods-Tuneify/Pods-Tuneify-resources.sh\"\n";
			showEnvVarsInLog = 0;
		};
		80346C2393557E61FF41D957 /* [CP] Embed Pods Frameworks */ = {
			isa = PBXShellScriptBuildPhase;
			buildActionMask = 2147483647;
			files = (
			);
			inputPaths = (
			);
			name = "[CP] Embed Pods Frameworks";
			outputPaths = (
			);
			runOnlyForDeploymentPostprocessing = 0;
			shellPath = /bin/sh;
			shellScript = "\"${SRCROOT}/Pods/Target Support Files/Pods-TuneifyTests/Pods-TuneifyTests-frameworks.sh\"\n";
			showEnvVarsInLog = 0;
		};
		847A4C5014516CF47F1F34B8 /* [CP] Embed Pods Frameworks */ = {
			isa = PBXShellScriptBuildPhase;
			buildActionMask = 2147483647;
			files = (
			);
			inputPaths = (
			);
			name = "[CP] Embed Pods Frameworks";
			outputPaths = (
			);
			runOnlyForDeploymentPostprocessing = 0;
			shellPath = /bin/sh;
			shellScript = "\"${SRCROOT}/Pods/Target Support Files/Pods-Tuneify/Pods-Tuneify-frameworks.sh\"\n";
			showEnvVarsInLog = 0;
		};
		9BF484013B7615DDCEC852F7 /* [CP] Copy Pods Resources */ = {
			isa = PBXShellScriptBuildPhase;
			buildActionMask = 2147483647;
			files = (
			);
			inputPaths = (
			);
			name = "[CP] Copy Pods Resources";
			outputPaths = (
			);
			runOnlyForDeploymentPostprocessing = 0;
			shellPath = /bin/sh;
			shellScript = "\"${SRCROOT}/Pods/Target Support Files/Pods-TuneifyTests/Pods-TuneifyTests-resources.sh\"\n";
			showEnvVarsInLog = 0;
		};
		F52C6E83B20B715C221A395C /* [CP] Check Pods Manifest.lock */ = {
			isa = PBXShellScriptBuildPhase;
			buildActionMask = 2147483647;
			files = (
			);
			inputPaths = (
			);
			name = "[CP] Check Pods Manifest.lock";
			outputPaths = (
			);
			runOnlyForDeploymentPostprocessing = 0;
			shellPath = /bin/sh;
			shellScript = "diff \"${PODS_ROOT}/../Podfile.lock\" \"${PODS_ROOT}/Manifest.lock\" > /dev/null\nif [[ $? != 0 ]] ; then\n    cat << EOM\nerror: The sandbox is not in sync with the Podfile.lock. Run 'pod install' or update your CocoaPods installation.\nEOM\n    exit 1\nfi\n";
			showEnvVarsInLog = 0;
		};
		F7EC3C47A5D38A22F2E9F08F /* [CP] Check Pods Manifest.lock */ = {
			isa = PBXShellScriptBuildPhase;
			buildActionMask = 2147483647;
			files = (
			);
			inputPaths = (
			);
			name = "[CP] Check Pods Manifest.lock";
			outputPaths = (
			);
			runOnlyForDeploymentPostprocessing = 0;
			shellPath = /bin/sh;
			shellScript = "diff \"${PODS_ROOT}/../Podfile.lock\" \"${PODS_ROOT}/Manifest.lock\" > /dev/null\nif [[ $? != 0 ]] ; then\n    cat << EOM\nerror: The sandbox is not in sync with the Podfile.lock. Run 'pod install' or update your CocoaPods installation.\nEOM\n    exit 1\nfi\n";
			showEnvVarsInLog = 0;
		};
/* End PBXShellScriptBuildPhase section */

/* Begin PBXSourcesBuildPhase section */
		9B2C5D701D4164F200B6F735 /* Sources */ = {
			isa = PBXSourcesBuildPhase;
			buildActionMask = 2147483647;
			files = (
				9BA4DAF31D425FC7006E1236 /* AudioSegment.swift in Sources */,
				20D1F0CD1D428D8900DDDFC9 /* KeyRetriever.swift in Sources */,
				9B2C5D7A1D4164F200B6F735 /* ViewController.swift in Sources */,
				9B2C5D781D4164F200B6F735 /* AppDelegate.swift in Sources */,
				9BA4DAF61D4291FC006E1236 /* KeyCorrector.swift in Sources */,
			);
			runOnlyForDeploymentPostprocessing = 0;
		};
		9B2C5D841D4164F200B6F735 /* Sources */ = {
			isa = PBXSourcesBuildPhase;
			buildActionMask = 2147483647;
			files = (
				9B2C5D8D1D4164F200B6F735 /* TuneifyTests.swift in Sources */,
			);
			runOnlyForDeploymentPostprocessing = 0;
		};
		9B2C5D8F1D4164F200B6F735 /* Sources */ = {
			isa = PBXSourcesBuildPhase;
			buildActionMask = 2147483647;
			files = (
				9B2C5D981D4164F200B6F735 /* TuneifyUITests.swift in Sources */,
			);
			runOnlyForDeploymentPostprocessing = 0;
		};
/* End PBXSourcesBuildPhase section */

/* Begin PBXTargetDependency section */
		9B2C5D8A1D4164F200B6F735 /* PBXTargetDependency */ = {
			isa = PBXTargetDependency;
			target = 9B2C5D731D4164F200B6F735 /* Tuneify */;
			targetProxy = 9B2C5D891D4164F200B6F735 /* PBXContainerItemProxy */;
		};
		9B2C5D951D4164F200B6F735 /* PBXTargetDependency */ = {
			isa = PBXTargetDependency;
			target = 9B2C5D731D4164F200B6F735 /* Tuneify */;
			targetProxy = 9B2C5D941D4164F200B6F735 /* PBXContainerItemProxy */;
		};
/* End PBXTargetDependency section */

/* Begin PBXVariantGroup section */
		9B2C5D7B1D4164F200B6F735 /* Main.storyboard */ = {
			isa = PBXVariantGroup;
			children = (
				9B2C5D7C1D4164F200B6F735 /* Base */,
			);
			name = Main.storyboard;
			sourceTree = "<group>";
		};
		9B2C5D801D4164F200B6F735 /* LaunchScreen.storyboard */ = {
			isa = PBXVariantGroup;
			children = (
				9B2C5D811D4164F200B6F735 /* Base */,
			);
			name = LaunchScreen.storyboard;
			sourceTree = "<group>";
		};
/* End PBXVariantGroup section */

/* Begin XCBuildConfiguration section */
		9B2C5D9A1D4164F200B6F735 /* Debug */ = {
			isa = XCBuildConfiguration;
			buildSettings = {
				ALWAYS_SEARCH_USER_PATHS = NO;
				CLANG_ANALYZER_NONNULL = YES;
				CLANG_CXX_LANGUAGE_STANDARD = "gnu++0x";
				CLANG_CXX_LIBRARY = "libc++";
				CLANG_ENABLE_MODULES = YES;
				CLANG_ENABLE_OBJC_ARC = YES;
				CLANG_WARN_BOOL_CONVERSION = YES;
				CLANG_WARN_CONSTANT_CONVERSION = YES;
				CLANG_WARN_DIRECT_OBJC_ISA_USAGE = YES_ERROR;
				CLANG_WARN_EMPTY_BODY = YES;
				CLANG_WARN_ENUM_CONVERSION = YES;
				CLANG_WARN_INT_CONVERSION = YES;
				CLANG_WARN_OBJC_ROOT_CLASS = YES_ERROR;
				CLANG_WARN_UNREACHABLE_CODE = YES;
				CLANG_WARN__DUPLICATE_METHOD_MATCH = YES;
				"CODE_SIGN_IDENTITY[sdk=iphoneos*]" = "iPhone Developer";
				COPY_PHASE_STRIP = NO;
				DEBUG_INFORMATION_FORMAT = dwarf;
				ENABLE_STRICT_OBJC_MSGSEND = YES;
				ENABLE_TESTABILITY = YES;
				GCC_C_LANGUAGE_STANDARD = gnu99;
				GCC_DYNAMIC_NO_PIC = NO;
				GCC_NO_COMMON_BLOCKS = YES;
				GCC_OPTIMIZATION_LEVEL = 0;
				GCC_PREPROCESSOR_DEFINITIONS = (
					"DEBUG=1",
					"$(inherited)",
				);
				GCC_WARN_64_TO_32_BIT_CONVERSION = YES;
				GCC_WARN_ABOUT_RETURN_TYPE = YES_ERROR;
				GCC_WARN_UNDECLARED_SELECTOR = YES;
				GCC_WARN_UNINITIALIZED_AUTOS = YES_AGGRESSIVE;
				GCC_WARN_UNUSED_FUNCTION = YES;
				GCC_WARN_UNUSED_VARIABLE = YES;
				IPHONEOS_DEPLOYMENT_TARGET = 9.3;
				MTL_ENABLE_DEBUG_INFO = YES;
				ONLY_ACTIVE_ARCH = YES;
				SDKROOT = iphoneos;
				SWIFT_OPTIMIZATION_LEVEL = "-Onone";
				TARGETED_DEVICE_FAMILY = "1,2";
			};
			name = Debug;
		};
		9B2C5D9B1D4164F200B6F735 /* Release */ = {
			isa = XCBuildConfiguration;
			buildSettings = {
				ALWAYS_SEARCH_USER_PATHS = NO;
				CLANG_ANALYZER_NONNULL = YES;
				CLANG_CXX_LANGUAGE_STANDARD = "gnu++0x";
				CLANG_CXX_LIBRARY = "libc++";
				CLANG_ENABLE_MODULES = YES;
				CLANG_ENABLE_OBJC_ARC = YES;
				CLANG_WARN_BOOL_CONVERSION = YES;
				CLANG_WARN_CONSTANT_CONVERSION = YES;
				CLANG_WARN_DIRECT_OBJC_ISA_USAGE = YES_ERROR;
				CLANG_WARN_EMPTY_BODY = YES;
				CLANG_WARN_ENUM_CONVERSION = YES;
				CLANG_WARN_INT_CONVERSION = YES;
				CLANG_WARN_OBJC_ROOT_CLASS = YES_ERROR;
				CLANG_WARN_UNREACHABLE_CODE = YES;
				CLANG_WARN__DUPLICATE_METHOD_MATCH = YES;
				"CODE_SIGN_IDENTITY[sdk=iphoneos*]" = "iPhone Developer";
				COPY_PHASE_STRIP = NO;
				DEBUG_INFORMATION_FORMAT = "dwarf-with-dsym";
				ENABLE_NS_ASSERTIONS = NO;
				ENABLE_STRICT_OBJC_MSGSEND = YES;
				GCC_C_LANGUAGE_STANDARD = gnu99;
				GCC_NO_COMMON_BLOCKS = YES;
				GCC_WARN_64_TO_32_BIT_CONVERSION = YES;
				GCC_WARN_ABOUT_RETURN_TYPE = YES_ERROR;
				GCC_WARN_UNDECLARED_SELECTOR = YES;
				GCC_WARN_UNINITIALIZED_AUTOS = YES_AGGRESSIVE;
				GCC_WARN_UNUSED_FUNCTION = YES;
				GCC_WARN_UNUSED_VARIABLE = YES;
				IPHONEOS_DEPLOYMENT_TARGET = 9.3;
				MTL_ENABLE_DEBUG_INFO = NO;
				SDKROOT = iphoneos;
				TARGETED_DEVICE_FAMILY = "1,2";
				VALIDATE_PRODUCT = YES;
			};
			name = Release;
		};
		9B2C5D9D1D4164F200B6F735 /* Debug */ = {
			isa = XCBuildConfiguration;
			baseConfigurationReference = 05F69D519F3C1C8CA03CF263 /* Pods-Tuneify.debug.xcconfig */;
			buildSettings = {
				ASSETCATALOG_COMPILER_APPICON_NAME = AppIcon;
				CODE_SIGN_IDENTITY = "iPhone Developer";
				"CODE_SIGN_IDENTITY[sdk=iphoneos*]" = "iPhone Developer";
				INFOPLIST_FILE = Tuneify/Info.plist;
				LD_RUNPATH_SEARCH_PATHS = "$(inherited) @executable_path/Frameworks";
				PRODUCT_BUNDLE_IDENTIFIER = Tipping.Canoe.Tuneify;
				PRODUCT_NAME = "$(TARGET_NAME)";
				PROVISIONING_PROFILE = "";
			};
			name = Debug;
		};
		9B2C5D9E1D4164F200B6F735 /* Release */ = {
			isa = XCBuildConfiguration;
			baseConfigurationReference = 681CBF54F5C0F196D1F027ED /* Pods-Tuneify.release.xcconfig */;
			buildSettings = {
				ASSETCATALOG_COMPILER_APPICON_NAME = AppIcon;
				CODE_SIGN_IDENTITY = "iPhone Developer";
				"CODE_SIGN_IDENTITY[sdk=iphoneos*]" = "iPhone Developer";
				INFOPLIST_FILE = Tuneify/Info.plist;
				LD_RUNPATH_SEARCH_PATHS = "$(inherited) @executable_path/Frameworks";
				PRODUCT_BUNDLE_IDENTIFIER = Tipping.Canoe.Tuneify;
				PRODUCT_NAME = "$(TARGET_NAME)";
				PROVISIONING_PROFILE = "";
			};
			name = Release;
		};
		9B2C5DA01D4164F200B6F735 /* Debug */ = {
			isa = XCBuildConfiguration;
			baseConfigurationReference = 38E4FE7E9A001F93C327E2ED /* Pods-TuneifyTests.debug.xcconfig */;
			buildSettings = {
				BUNDLE_LOADER = "$(TEST_HOST)";
				INFOPLIST_FILE = TuneifyTests/Info.plist;
				LD_RUNPATH_SEARCH_PATHS = "$(inherited) @executable_path/Frameworks @loader_path/Frameworks";
				PRODUCT_BUNDLE_IDENTIFIER = Tipping.Canoe.TuneifyTests;
				PRODUCT_NAME = "$(TARGET_NAME)";
				TEST_HOST = "$(BUILT_PRODUCTS_DIR)/Tuneify.app/Tuneify";
			};
			name = Debug;
		};
		9B2C5DA11D4164F200B6F735 /* Release */ = {
			isa = XCBuildConfiguration;
			baseConfigurationReference = C0E840B4A399565E47905EA0 /* Pods-TuneifyTests.release.xcconfig */;
			buildSettings = {
				BUNDLE_LOADER = "$(TEST_HOST)";
				INFOPLIST_FILE = TuneifyTests/Info.plist;
				LD_RUNPATH_SEARCH_PATHS = "$(inherited) @executable_path/Frameworks @loader_path/Frameworks";
				PRODUCT_BUNDLE_IDENTIFIER = Tipping.Canoe.TuneifyTests;
				PRODUCT_NAME = "$(TARGET_NAME)";
				TEST_HOST = "$(BUILT_PRODUCTS_DIR)/Tuneify.app/Tuneify";
			};
			name = Release;
		};
		9B2C5DA31D4164F200B6F735 /* Debug */ = {
			isa = XCBuildConfiguration;
			baseConfigurationReference = BBE7DF482399145B114F3602 /* Pods-TuneifyUITests.debug.xcconfig */;
			buildSettings = {
				INFOPLIST_FILE = TuneifyUITests/Info.plist;
				LD_RUNPATH_SEARCH_PATHS = "$(inherited) @executable_path/Frameworks @loader_path/Frameworks";
				PRODUCT_BUNDLE_IDENTIFIER = Tipping.Canoe.TuneifyUITests;
				PRODUCT_NAME = "$(TARGET_NAME)";
				TEST_TARGET_NAME = Tuneify;
			};
			name = Debug;
		};
		9B2C5DA41D4164F200B6F735 /* Release */ = {
			isa = XCBuildConfiguration;
			baseConfigurationReference = 6DDBD677E6336C670290E381 /* Pods-TuneifyUITests.release.xcconfig */;
			buildSettings = {
				INFOPLIST_FILE = TuneifyUITests/Info.plist;
				LD_RUNPATH_SEARCH_PATHS = "$(inherited) @executable_path/Frameworks @loader_path/Frameworks";
				PRODUCT_BUNDLE_IDENTIFIER = Tipping.Canoe.TuneifyUITests;
				PRODUCT_NAME = "$(TARGET_NAME)";
				TEST_TARGET_NAME = Tuneify;
			};
			name = Release;
		};
/* End XCBuildConfiguration section */

/* Begin XCConfigurationList section */
		9B2C5D6F1D4164F200B6F735 /* Build configuration list for PBXProject "Tuneify" */ = {
			isa = XCConfigurationList;
			buildConfigurations = (
				9B2C5D9A1D4164F200B6F735 /* Debug */,
				9B2C5D9B1D4164F200B6F735 /* Release */,
			);
			defaultConfigurationIsVisible = 0;
			defaultConfigurationName = Release;
		};
		9B2C5D9C1D4164F200B6F735 /* Build configuration list for PBXNativeTarget "Tuneify" */ = {
			isa = XCConfigurationList;
			buildConfigurations = (
				9B2C5D9D1D4164F200B6F735 /* Debug */,
				9B2C5D9E1D4164F200B6F735 /* Release */,
			);
			defaultConfigurationIsVisible = 0;
			defaultConfigurationName = Release;
		};
		9B2C5D9F1D4164F200B6F735 /* Build configuration list for PBXNativeTarget "TuneifyTests" */ = {
			isa = XCConfigurationList;
			buildConfigurations = (
				9B2C5DA01D4164F200B6F735 /* Debug */,
				9B2C5DA11D4164F200B6F735 /* Release */,
			);
			defaultConfigurationIsVisible = 0;
			defaultConfigurationName = Release;
		};
		9B2C5DA21D4164F200B6F735 /* Build configuration list for PBXNativeTarget "TuneifyUITests" */ = {
			isa = XCConfigurationList;
			buildConfigurations = (
				9B2C5DA31D4164F200B6F735 /* Debug */,
				9B2C5DA41D4164F200B6F735 /* Release */,
			);
			defaultConfigurationIsVisible = 0;
			defaultConfigurationName = Release;
		};
/* End XCConfigurationList section */
	};
	rootObject = 9B2C5D6C1D4164F200B6F735 /* Project object */;
}
